
Microsoft Visual Studio Solution File, Format Version 12.00
# Visual Studio Version 16
VisualStudioVersion = 16.0.30011.19
MinimumVisualStudioVersion = 10.0.40219.1
Project("{2150E333-8FDC-42A3-9474-1A3956D46DE8}") = "Assignment2", "Assignment2", "{9EB78979-2127-499E-9747-B87484452597}"
EndProject
Project("{9A19103F-16F7-4668-BE54-9A1E7A4F7556}") = "GEP.CodeChallenge.Assignment2", "GEP.CodeChallenge.Assignment2\GEP.CodeChallenge.Assignment2.csproj", "{984F91E5-43D3-42E1-9380-0BD0298E9B83}"
EndProject
Project("{9A19103F-16F7-4668-BE54-9A1E7A4F7556}") = "GEP.CodingChallenge.Assignment2.Tests", "GEP.CodingChallenge.Assignment2.Tests\GEP.CodingChallenge.Assignment2.Tests.csproj", "{8978B3D8-B1DC-4EEA-918A-3CA606E0F3F1}"
EndProject
Global
	GlobalSection(SolutionConfigurationPlatforms) = preSolution
		Debug|Any CPU = Debug|Any CPU
		Release|Any CPU = Release|Any CPU
	EndGlobalSection
	GlobalSection(ProjectConfigurationPlatforms) = postSolution
		{984F91E5-43D3-42E1-9380-0BD0298E9B83}.Debug|Any CPU.ActiveCfg = Debug|Any CPU
		{984F91E5-43D3-42E1-9380-0BD0298E9B83}.Debug|Any CPU.Build.0 = Debug|Any CPU
		{984F91E5-43D3-42E1-9380-0BD0298E9B83}.Release|Any CPU.ActiveCfg = Release|Any CPU
		{984F91E5-43D3-42E1-9380-0BD0298E9B83}.Release|Any CPU.Build.0 = Release|Any CPU
		{8978B3D8-B1DC-4EEA-918A-3CA606E0F3F1}.Debug|Any CPU.ActiveCfg = Debug|Any CPU
		{8978B3D8-B1DC-4EEA-918A-3CA606E0F3F1}.Debug|Any CPU.Build.0 = Debug|Any CPU
		{8978B3D8-B1DC-4EEA-918A-3CA606E0F3F1}.Release|Any CPU.ActiveCfg = Release|Any CPU
		{8978B3D8-B1DC-4EEA-918A-3CA606E0F3F1}.Release|Any CPU.Build.0 = Release|Any CPU
	EndGlobalSection
	GlobalSection(SolutionProperties) = preSolution
		HideSolutionNode = FALSE
	EndGlobalSection
	GlobalSection(NestedProjects) = preSolution
		{984F91E5-43D3-42E1-9380-0BD0298E9B83} = {9EB78979-2127-499E-9747-B87484452597}
		{8978B3D8-B1DC-4EEA-918A-3CA606E0F3F1} = {9EB78979-2127-499E-9747-B87484452597}
	EndGlobalSection
	GlobalSection(ExtensibilityGlobals) = postSolution
		SolutionGuid = {E97CCC1C-F1FC-40C5-8DE7-00C6E9BC5F37}
	EndGlobalSection
EndGlobal
